<Solution>
  <Folder Name="/host/">
    <Project Path="host/Dixels.SpaceOs.AuthServer/Dixels.SpaceOs.AuthServer.csproj" />
    
    
    
    <Project Path="host/Dixels.SpaceOs.Host.Shared/Dixels.SpaceOs.Host.Shared.csproj" />
    <Project Path="host/Dixels.SpaceOs.HttpApi.Host/Dixels.SpaceOs.HttpApi.Host.csproj" />
    
    
  </Folder>
  <Folder Name="/src/">
    <Project Path="src/Dixels.SpaceOs.Application.Contracts/Dixels.SpaceOs.Application.Contracts.csproj" />
    <Project Path="src/Dixels.SpaceOs.Application/Dixels.SpaceOs.Application.csproj" />
    
    <Project Path="src/Dixels.SpaceOs.Blazor.WebAssembly.Bundling/Dixels.SpaceOs.Blazor.WebAssembly.Bundling.csproj" />
    
    
    <Project Path="src/Dixels.SpaceOs.Domain.Shared/Dixels.SpaceOs.Domain.Shared.csproj" />
    <Project Path="src/Dixels.SpaceOs.Domain/Dixels.SpaceOs.Domain.csproj" />
    <Project Path="src/Dixels.SpaceOs.EntityFrameworkCore/Dixels.SpaceOs.EntityFrameworkCore.csproj" />
    <Project Path="src/Dixels.SpaceOs.HttpApi.Client/Dixels.SpaceOs.HttpApi.Client.csproj" />
    <Project Path="src/Dixels.SpaceOs.HttpApi/Dixels.SpaceOs.HttpApi.csproj" />
    <Project Path="src/Dixels.SpaceOs.Installer/Dixels.SpaceOs.Installer.csproj" />
    <Project Path="src/Dixels.SpaceOs.MongoDB/Dixels.SpaceOs.MongoDB.csproj" />
    
  </Folder>
  <Folder Name="/test/">
    <Project Path="test/Dixels.SpaceOs.Application.Tests/Dixels.SpaceOs.Application.Tests.csproj" />
    <Project Path="test/Dixels.SpaceOs.Domain.Tests/Dixels.SpaceOs.Domain.Tests.csproj" />
    <Project Path="test/Dixels.SpaceOs.EntityFrameworkCore.Tests/Dixels.SpaceOs.EntityFrameworkCore.Tests.csproj" />
    <Project Path="test/Dixels.SpaceOs.HttpApi.Client.ConsoleTestApp/Dixels.SpaceOs.HttpApi.Client.ConsoleTestApp.csproj" />
    <Project Path="test/Dixels.SpaceOs.MongoDB.Tests/Dixels.SpaceOs.MongoDB.Tests.csproj" />
    <Project Path="test/Dixels.SpaceOs.TestBase/Dixels.SpaceOs.TestBase.csproj" />
  </Folder>
</Solution>
