<Solution>
  <Folder Name="/src/">
    <Project Path="src/Dixels.Application.Contracts/Dixels.Application.Contracts.csproj" />
    <Project Path="src/Dixels.Application/Dixels.Application.csproj" />
    
    
    
    
    
    
    
    
    
    <Project Path="src/Dixels.DbMigrator/Dixels.DbMigrator.csproj" />
    <Project Path="src/Dixels.Domain.Shared/Dixels.Domain.Shared.csproj" />
    <Project Path="src/Dixels.Domain/Dixels.Domain.csproj" />
    <Project Path="src/Dixels.EntityFrameworkCore/Dixels.EntityFrameworkCore.csproj" />
    <Project Path="src/Dixels.HttpApi.Client/Dixels.HttpApi.Client.csproj" />
    
    
    <Project Path="src/Dixels.HttpApi/Dixels.HttpApi.csproj" />
    
    
    <Project Path="src/Dixels.Web/Dixels.Web.csproj" />
  </Folder>
  <Folder Name="/test/">
    <Project Path="test/Dixels.Application.Tests/Dixels.Application.Tests.csproj" />
    <Project Path="test/Dixels.Domain.Tests/Dixels.Domain.Tests.csproj" />
    <Project Path="test/Dixels.EntityFrameworkCore.Tests/Dixels.EntityFrameworkCore.Tests.csproj" />
    <Project Path="test/Dixels.HttpApi.Client.ConsoleTestApp/Dixels.HttpApi.Client.ConsoleTestApp.csproj" />
    
    <Project Path="test/Dixels.TestBase/Dixels.TestBase.csproj" />
    <Project Path="test/Dixels.Web.Tests/Dixels.Web.Tests.csproj" />
  </Folder>
</Solution>
